schema: '2.0'
stages:
  eda:
    cmd: python src/eda.py
    deps:
    - path: data/Iris.csv
      hash: md5
      md5: 717820ef0af287ff346c5cabfb4c612c
      size: 5107
    - path: src/eda.py
      hash: md5
      md5: 752e7b577ef9d9f13d55eef039c8b064
      size: 1348
    outs:
    - path: plots/correlation_matrix.png
      hash: md5
      md5: fa9b1742b3d929e2c1c8b4fc767576e0
      size: 62807
    - path: plots/pairplot.png
      hash: md5
      md5: 15c7ef18ce7f96e39de1bc96369033eb
      size: 801275
  train:
    cmd: python src/train.py
    deps:
    - path: data/Iris.csv
      hash: md5
      md5: 717820ef0af287ff346c5cabfb4c612c
      size: 5107
    - path: src/train.py
      hash: md5
      md5: 0ffbf2990be95be100a6aa364b5d7a5f
      size: 1219
    outs:
    - path: metrics.json
      hash: md5
      md5: 9a0379eaa11dd7b9e9995a62a5f21656
      size: 17
    - path: models/iris_model.pkl
      hash: md5
      md5: 3466c2a4ab6d7c705ab25c282863d574
      size: 127857
